
Microsoft Visual Studio Solution File, Format Version 12.00
# Visual Studio Version 16
VisualStudioVersion = 16.0.31624.102
MinimumVisualStudioVersion = 10.0.40219.1
Project("{2150E333-8FDC-42A3-9474-1A3956D46DE8}") = "Services", "Services", "{2679C18F-C467-42FF-9B50-7029FF658BB0}"
EndProject
Project("{2150E333-8FDC-42A3-9474-1A3956D46DE8}") = "Service1", "Service1", "{FAD3E7B0-2782-44D0-9278-A170BFC3B711}"
EndProject
Project("{9A19103F-16F7-4668-BE54-9A1E7A4F7556}") = "Api1", "Services\Service1\Api1\Api1.csproj", "{A73B0D54-32CC-4273-B22B-9AEEB6F2295E}"
EndProject
Project("{9A19103F-16F7-4668-BE54-9A1E7A4F7556}") = "Api1DataAccess", "Services\Service1\Api1DataAccess\Api1DataAccess.csproj", "{630705B6-AA11-44FE-BE10-AFDA8B067603}"
EndProject
Project("{9A19103F-16F7-4668-BE54-9A1E7A4F7556}") = "Api1Business", "Services\Service1\Api1Business\Api1Business.csproj", "{330A462E-D827-410C-9006-4D39BD4AABD9}"
EndProject
Project("{2150E333-8FDC-42A3-9474-1A3956D46DE8}") = "Service2", "Service2", "{C9626213-976B-4286-99D0-2103845B5AFE}"
EndProject
Project("{FAE04EC0-301F-11D3-BF4B-00C04F79EFBC}") = "Api2", "Services\Service2\Api2\Api2.csproj", "{54FA8D58-DC35-4CAA-93AE-5F0349D2B949}"
EndProject
Project("{FAE04EC0-301F-11D3-BF4B-00C04F79EFBC}") = "Api2Business", "Services\Service2\Api2Business\Api2Business.csproj", "{3B82A93A-0227-4B34-85C7-B08CA400F452}"
EndProject
Project("{FAE04EC0-301F-11D3-BF4B-00C04F79EFBC}") = "Api2DataAccess", "Api2DataAccess\Api2DataAccess.csproj", "{801C34D9-2D2D-478B-8BBC-16AAA38110A8}"
EndProject
Global
	GlobalSection(SolutionConfigurationPlatforms) = preSolution
		Debug|Any CPU = Debug|Any CPU
		Release|Any CPU = Release|Any CPU
	EndGlobalSection
	GlobalSection(ProjectConfigurationPlatforms) = postSolution
		{A73B0D54-32CC-4273-B22B-9AEEB6F2295E}.Debug|Any CPU.ActiveCfg = Debug|Any CPU
		{A73B0D54-32CC-4273-B22B-9AEEB6F2295E}.Debug|Any CPU.Build.0 = Debug|Any CPU
		{A73B0D54-32CC-4273-B22B-9AEEB6F2295E}.Release|Any CPU.ActiveCfg = Release|Any CPU
		{A73B0D54-32CC-4273-B22B-9AEEB6F2295E}.Release|Any CPU.Build.0 = Release|Any CPU
		{630705B6-AA11-44FE-BE10-AFDA8B067603}.Debug|Any CPU.ActiveCfg = Debug|Any CPU
		{630705B6-AA11-44FE-BE10-AFDA8B067603}.Debug|Any CPU.Build.0 = Debug|Any CPU
		{630705B6-AA11-44FE-BE10-AFDA8B067603}.Release|Any CPU.ActiveCfg = Release|Any CPU
		{630705B6-AA11-44FE-BE10-AFDA8B067603}.Release|Any CPU.Build.0 = Release|Any CPU
		{330A462E-D827-410C-9006-4D39BD4AABD9}.Debug|Any CPU.ActiveCfg = Debug|Any CPU
		{330A462E-D827-410C-9006-4D39BD4AABD9}.Debug|Any CPU.Build.0 = Debug|Any CPU
		{330A462E-D827-410C-9006-4D39BD4AABD9}.Release|Any CPU.ActiveCfg = Release|Any CPU
		{330A462E-D827-410C-9006-4D39BD4AABD9}.Release|Any CPU.Build.0 = Release|Any CPU
		{54FA8D58-DC35-4CAA-93AE-5F0349D2B949}.Debug|Any CPU.ActiveCfg = Debug|Any CPU
		{54FA8D58-DC35-4CAA-93AE-5F0349D2B949}.Debug|Any CPU.Build.0 = Debug|Any CPU
		{54FA8D58-DC35-4CAA-93AE-5F0349D2B949}.Release|Any CPU.ActiveCfg = Release|Any CPU
		{54FA8D58-DC35-4CAA-93AE-5F0349D2B949}.Release|Any CPU.Build.0 = Release|Any CPU
		{3B82A93A-0227-4B34-85C7-B08CA400F452}.Debug|Any CPU.ActiveCfg = Debug|Any CPU
		{3B82A93A-0227-4B34-85C7-B08CA400F452}.Debug|Any CPU.Build.0 = Debug|Any CPU
		{3B82A93A-0227-4B34-85C7-B08CA400F452}.Release|Any CPU.ActiveCfg = Release|Any CPU
		{3B82A93A-0227-4B34-85C7-B08CA400F452}.Release|Any CPU.Build.0 = Release|Any CPU
		{801C34D9-2D2D-478B-8BBC-16AAA38110A8}.Debug|Any CPU.ActiveCfg = Debug|Any CPU
		{801C34D9-2D2D-478B-8BBC-16AAA38110A8}.Debug|Any CPU.Build.0 = Debug|Any CPU
		{801C34D9-2D2D-478B-8BBC-16AAA38110A8}.Release|Any CPU.ActiveCfg = Release|Any CPU
		{801C34D9-2D2D-478B-8BBC-16AAA38110A8}.Release|Any CPU.Build.0 = Release|Any CPU
	EndGlobalSection
	GlobalSection(SolutionProperties) = preSolution
		HideSolutionNode = FALSE
	EndGlobalSection
	GlobalSection(NestedProjects) = preSolution
		{FAD3E7B0-2782-44D0-9278-A170BFC3B711} = {2679C18F-C467-42FF-9B50-7029FF658BB0}
		{A73B0D54-32CC-4273-B22B-9AEEB6F2295E} = {FAD3E7B0-2782-44D0-9278-A170BFC3B711}
		{630705B6-AA11-44FE-BE10-AFDA8B067603} = {FAD3E7B0-2782-44D0-9278-A170BFC3B711}
		{330A462E-D827-410C-9006-4D39BD4AABD9} = {FAD3E7B0-2782-44D0-9278-A170BFC3B711}
		{C9626213-976B-4286-99D0-2103845B5AFE} = {2679C18F-C467-42FF-9B50-7029FF658BB0}
		{54FA8D58-DC35-4CAA-93AE-5F0349D2B949} = {C9626213-976B-4286-99D0-2103845B5AFE}
		{3B82A93A-0227-4B34-85C7-B08CA400F452} = {C9626213-976B-4286-99D0-2103845B5AFE}
		{801C34D9-2D2D-478B-8BBC-16AAA38110A8} = {C9626213-976B-4286-99D0-2103845B5AFE}
	EndGlobalSection
	GlobalSection(ExtensibilityGlobals) = postSolution
		SolutionGuid = {27DABB00-AF19-4467-8D0E-B604921111CA}
	EndGlobalSection
EndGlobal
