
Microsoft Visual Studio Solution File, Format Version 12.00
# Visual Studio Version 16
VisualStudioVersion = 16.0.31624.102
MinimumVisualStudioVersion = 10.0.40219.1
Project("{2150E333-8FDC-42A3-9474-1A3956D46DE8}") = "Services", "Services", "{2679C18F-C467-42FF-9B50-7029FF658BB0}"
EndProject
Project("{9A19103F-16F7-4668-BE54-9A1E7A4F7556}") = "Services.Common", "Services\Services.Common\Services.Common.csproj", "{5D6C7370-61DB-4C8C-9203-7343BE85A32B}"
EndProject
Project("{2150E333-8FDC-42A3-9474-1A3956D46DE8}") = "ProductService", "ProductService", "{E96E2E2F-3CA7-4388-9ED1-D546394B57FD}"
EndProject
Project("{2150E333-8FDC-42A3-9474-1A3956D46DE8}") = "WarehouseService", "WarehouseService", "{57C027E9-15A5-413A-B0E0-5B23AE748386}"
EndProject
Project("{2150E333-8FDC-42A3-9474-1A3956D46DE8}") = "OrderService", "OrderService", "{96028003-310E-4EE3-A88F-DE4985C5020B}"
EndProject
Project("{9A19103F-16F7-4668-BE54-9A1E7A4F7556}") = "ProductService", "Services\ProductService\ProductService\ProductService.csproj", "{6B78E63B-DF47-45DF-AEFB-B7E1DCB6DC28}"
EndProject
Project("{9A19103F-16F7-4668-BE54-9A1E7A4F7556}") = "ProductService.Core", "Services\ProductService\ProductService.Core\ProductService.Core.csproj", "{86F7FDE0-196E-455E-AB75-E565D07A877B}"
EndProject
Project("{9A19103F-16F7-4668-BE54-9A1E7A4F7556}") = "ProductService.DataAccess", "Services\ProductService\ProductService.DataAccess\ProductService.DataAccess.csproj", "{257AA78B-90C6-4145-9387-D5170F7AE5CE}"
EndProject
Project("{9A19103F-16F7-4668-BE54-9A1E7A4F7556}") = "WarehouseService", "Services\WarehouseService\WarehouseService\WarehouseService.csproj", "{6F324F38-D84E-48F9-80DB-6D82687E6ED9}"
EndProject
Project("{9A19103F-16F7-4668-BE54-9A1E7A4F7556}") = "WarehouseService.Core", "Services\WarehouseService\WarehouseService.Core\WarehouseService.Core.csproj", "{A227C9F3-06A4-421C-867F-8AE43228EDC7}"
EndProject
Project("{9A19103F-16F7-4668-BE54-9A1E7A4F7556}") = "WarehouseService.DataAccess", "Services\WarehouseService\WarehouseService.DataAccess\WarehouseService.DataAccess.csproj", "{263C974E-11CF-476D-A17E-2BDDC14C7EF5}"
EndProject
Project("{9A19103F-16F7-4668-BE54-9A1E7A4F7556}") = "OrderService", "Services\OrderService\OrderService\OrderService.csproj", "{2625EF2E-464A-41A1-81B7-025B938E9FFA}"
EndProject
Global
	GlobalSection(SolutionConfigurationPlatforms) = preSolution
		Debug|Any CPU = Debug|Any CPU
		Release|Any CPU = Release|Any CPU
	EndGlobalSection
	GlobalSection(ProjectConfigurationPlatforms) = postSolution
		{5D6C7370-61DB-4C8C-9203-7343BE85A32B}.Debug|Any CPU.ActiveCfg = Debug|Any CPU
		{5D6C7370-61DB-4C8C-9203-7343BE85A32B}.Debug|Any CPU.Build.0 = Debug|Any CPU
		{5D6C7370-61DB-4C8C-9203-7343BE85A32B}.Release|Any CPU.ActiveCfg = Release|Any CPU
		{5D6C7370-61DB-4C8C-9203-7343BE85A32B}.Release|Any CPU.Build.0 = Release|Any CPU
		{6B78E63B-DF47-45DF-AEFB-B7E1DCB6DC28}.Debug|Any CPU.ActiveCfg = Debug|Any CPU
		{6B78E63B-DF47-45DF-AEFB-B7E1DCB6DC28}.Debug|Any CPU.Build.0 = Debug|Any CPU
		{6B78E63B-DF47-45DF-AEFB-B7E1DCB6DC28}.Release|Any CPU.ActiveCfg = Release|Any CPU
		{6B78E63B-DF47-45DF-AEFB-B7E1DCB6DC28}.Release|Any CPU.Build.0 = Release|Any CPU
		{86F7FDE0-196E-455E-AB75-E565D07A877B}.Debug|Any CPU.ActiveCfg = Debug|Any CPU
		{86F7FDE0-196E-455E-AB75-E565D07A877B}.Debug|Any CPU.Build.0 = Debug|Any CPU
		{86F7FDE0-196E-455E-AB75-E565D07A877B}.Release|Any CPU.ActiveCfg = Release|Any CPU
		{86F7FDE0-196E-455E-AB75-E565D07A877B}.Release|Any CPU.Build.0 = Release|Any CPU
		{257AA78B-90C6-4145-9387-D5170F7AE5CE}.Debug|Any CPU.ActiveCfg = Debug|Any CPU
		{257AA78B-90C6-4145-9387-D5170F7AE5CE}.Debug|Any CPU.Build.0 = Debug|Any CPU
		{257AA78B-90C6-4145-9387-D5170F7AE5CE}.Release|Any CPU.ActiveCfg = Release|Any CPU
		{257AA78B-90C6-4145-9387-D5170F7AE5CE}.Release|Any CPU.Build.0 = Release|Any CPU
		{6F324F38-D84E-48F9-80DB-6D82687E6ED9}.Debug|Any CPU.ActiveCfg = Debug|Any CPU
		{6F324F38-D84E-48F9-80DB-6D82687E6ED9}.Debug|Any CPU.Build.0 = Debug|Any CPU
		{6F324F38-D84E-48F9-80DB-6D82687E6ED9}.Release|Any CPU.ActiveCfg = Release|Any CPU
		{6F324F38-D84E-48F9-80DB-6D82687E6ED9}.Release|Any CPU.Build.0 = Release|Any CPU
		{A227C9F3-06A4-421C-867F-8AE43228EDC7}.Debug|Any CPU.ActiveCfg = Debug|Any CPU
		{A227C9F3-06A4-421C-867F-8AE43228EDC7}.Debug|Any CPU.Build.0 = Debug|Any CPU
		{A227C9F3-06A4-421C-867F-8AE43228EDC7}.Release|Any CPU.ActiveCfg = Release|Any CPU
		{A227C9F3-06A4-421C-867F-8AE43228EDC7}.Release|Any CPU.Build.0 = Release|Any CPU
		{263C974E-11CF-476D-A17E-2BDDC14C7EF5}.Debug|Any CPU.ActiveCfg = Debug|Any CPU
		{263C974E-11CF-476D-A17E-2BDDC14C7EF5}.Debug|Any CPU.Build.0 = Debug|Any CPU
		{263C974E-11CF-476D-A17E-2BDDC14C7EF5}.Release|Any CPU.ActiveCfg = Release|Any CPU
		{263C974E-11CF-476D-A17E-2BDDC14C7EF5}.Release|Any CPU.Build.0 = Release|Any CPU
		{2625EF2E-464A-41A1-81B7-025B938E9FFA}.Debug|Any CPU.ActiveCfg = Debug|Any CPU
		{2625EF2E-464A-41A1-81B7-025B938E9FFA}.Debug|Any CPU.Build.0 = Debug|Any CPU
		{2625EF2E-464A-41A1-81B7-025B938E9FFA}.Release|Any CPU.ActiveCfg = Release|Any CPU
		{2625EF2E-464A-41A1-81B7-025B938E9FFA}.Release|Any CPU.Build.0 = Release|Any CPU
	EndGlobalSection
	GlobalSection(SolutionProperties) = preSolution
		HideSolutionNode = FALSE
	EndGlobalSection
	GlobalSection(NestedProjects) = preSolution
		{5D6C7370-61DB-4C8C-9203-7343BE85A32B} = {2679C18F-C467-42FF-9B50-7029FF658BB0}
		{E96E2E2F-3CA7-4388-9ED1-D546394B57FD} = {2679C18F-C467-42FF-9B50-7029FF658BB0}
		{57C027E9-15A5-413A-B0E0-5B23AE748386} = {2679C18F-C467-42FF-9B50-7029FF658BB0}
		{96028003-310E-4EE3-A88F-DE4985C5020B} = {2679C18F-C467-42FF-9B50-7029FF658BB0}
		{6B78E63B-DF47-45DF-AEFB-B7E1DCB6DC28} = {E96E2E2F-3CA7-4388-9ED1-D546394B57FD}
		{86F7FDE0-196E-455E-AB75-E565D07A877B} = {E96E2E2F-3CA7-4388-9ED1-D546394B57FD}
		{257AA78B-90C6-4145-9387-D5170F7AE5CE} = {E96E2E2F-3CA7-4388-9ED1-D546394B57FD}
		{6F324F38-D84E-48F9-80DB-6D82687E6ED9} = {57C027E9-15A5-413A-B0E0-5B23AE748386}
		{A227C9F3-06A4-421C-867F-8AE43228EDC7} = {57C027E9-15A5-413A-B0E0-5B23AE748386}
		{263C974E-11CF-476D-A17E-2BDDC14C7EF5} = {57C027E9-15A5-413A-B0E0-5B23AE748386}
		{2625EF2E-464A-41A1-81B7-025B938E9FFA} = {96028003-310E-4EE3-A88F-DE4985C5020B}
	EndGlobalSection
	GlobalSection(ExtensibilityGlobals) = postSolution
		SolutionGuid = {27DABB00-AF19-4467-8D0E-B604921111CA}
	EndGlobalSection
EndGlobal
